
Microsoft Visual Studio Solution File, Format Version 12.00
# Visual Studio Version 17
VisualStudioVersion = 17.14.35906.104
MinimumVisualStudioVersion = 10.0.40219.1
Project("{FAE04EC0-301F-11D3-BF4B-00C04F79EFBC}") = "LAP1.1", "LAP1.1\LAP1.1.csproj", "{B47FF715-1A3F-4A0A-95E5-2CC7D9FBC92A}"
EndProject
Project("{FAE04EC0-301F-11D3-BF4B-00C04F79EFBC}") = "LAP1.2", "LAP1.2\LAP1.2.csproj", "{7EDEE35D-6AA7-46B6-B6AB-9A3808529183}"
EndProject
Project("{FAE04EC0-301F-11D3-BF4B-00C04F79EFBC}") = "LAP1.3", "LAP1.3\LAP1.3.csproj", "{B2DD4BF2-9C97-49DA-ACD9-7BEE7084C80C}"
EndProject
Project("{FAE04EC0-301F-11D3-BF4B-00C04F79EFBC}") = "LAP1.32", "LAP1.32\LAP1.32.csproj", "{3A481B1D-70BF-44B8-8335-D8680A7BD044}"
EndProject
Project("{FAE04EC0-301F-11D3-BF4B-00C04F79EFBC}") = "LAP1.33", "LAP1.33\LAP1.33.csproj", "{12076E94-4DCD-4804-AA8C-242DD95988ED}"
EndProject
Project("{FAE04EC0-301F-11D3-BF4B-00C04F79EFBC}") = "LAP1.34", "LAP1.34\LAP1.34.csproj", "{2DBBBCBE-8386-4855-9388-C4A5F0E7AF43}"
EndProject
Project("{FAE04EC0-301F-11D3-BF4B-00C04F79EFBC}") = "LAP1.35", "LAP1.35\LAP1.35.csproj", "{02C4CF69-7E37-43EC-B7B3-21931FAB49A8}"
EndProject
Project("{FAE04EC0-301F-11D3-BF4B-00C04F79EFBC}") = "LAP1.36", "LAP1.36\LAP1.36.csproj", "{619E14EB-A7D6-4204-953E-E1371D0DAE4A}"
EndProject
Project("{FAE04EC0-301F-11D3-BF4B-00C04F79EFBC}") = "LAP1.37", "LAP1.37\LAP1.37.csproj", "{2A8657D1-14A1-4050-A07C-A949D08E066E}"
EndProject
Project("{FAE04EC0-301F-11D3-BF4B-00C04F79EFBC}") = "LAP1.38", "LAP1.38\LAP1.38.csproj", "{8AAB4932-B0D0-4025-BBB0-118B2EE75B5B}"
EndProject
Project("{FAE04EC0-301F-11D3-BF4B-00C04F79EFBC}") = "LAP1.39", "LAP1.39\LAP1.39.csproj", "{F703FE7D-56E3-4BC9-AAE7-A509F661FF4F}"
EndProject
Global
	GlobalSection(SolutionConfigurationPlatforms) = preSolution
		Debug|Any CPU = Debug|Any CPU
		Release|Any CPU = Release|Any CPU
	EndGlobalSection
	GlobalSection(ProjectConfigurationPlatforms) = postSolution
		{B47FF715-1A3F-4A0A-95E5-2CC7D9FBC92A}.Debug|Any CPU.ActiveCfg = Debug|Any CPU
		{B47FF715-1A3F-4A0A-95E5-2CC7D9FBC92A}.Debug|Any CPU.Build.0 = Debug|Any CPU
		{B47FF715-1A3F-4A0A-95E5-2CC7D9FBC92A}.Release|Any CPU.ActiveCfg = Release|Any CPU
		{B47FF715-1A3F-4A0A-95E5-2CC7D9FBC92A}.Release|Any CPU.Build.0 = Release|Any CPU
		{7EDEE35D-6AA7-46B6-B6AB-9A3808529183}.Debug|Any CPU.ActiveCfg = Debug|Any CPU
		{7EDEE35D-6AA7-46B6-B6AB-9A3808529183}.Debug|Any CPU.Build.0 = Debug|Any CPU
		{7EDEE35D-6AA7-46B6-B6AB-9A3808529183}.Release|Any CPU.ActiveCfg = Release|Any CPU
		{7EDEE35D-6AA7-46B6-B6AB-9A3808529183}.Release|Any CPU.Build.0 = Release|Any CPU
		{B2DD4BF2-9C97-49DA-ACD9-7BEE7084C80C}.Debug|Any CPU.ActiveCfg = Debug|Any CPU
		{B2DD4BF2-9C97-49DA-ACD9-7BEE7084C80C}.Debug|Any CPU.Build.0 = Debug|Any CPU
		{B2DD4BF2-9C97-49DA-ACD9-7BEE7084C80C}.Release|Any CPU.ActiveCfg = Release|Any CPU
		{B2DD4BF2-9C97-49DA-ACD9-7BEE7084C80C}.Release|Any CPU.Build.0 = Release|Any CPU
		{3A481B1D-70BF-44B8-8335-D8680A7BD044}.Debug|Any CPU.ActiveCfg = Debug|Any CPU
		{3A481B1D-70BF-44B8-8335-D8680A7BD044}.Debug|Any CPU.Build.0 = Debug|Any CPU
		{3A481B1D-70BF-44B8-8335-D8680A7BD044}.Release|Any CPU.ActiveCfg = Release|Any CPU
		{3A481B1D-70BF-44B8-8335-D8680A7BD044}.Release|Any CPU.Build.0 = Release|Any CPU
		{12076E94-4DCD-4804-AA8C-242DD95988ED}.Debug|Any CPU.ActiveCfg = Debug|Any CPU
		{12076E94-4DCD-4804-AA8C-242DD95988ED}.Debug|Any CPU.Build.0 = Debug|Any CPU
		{12076E94-4DCD-4804-AA8C-242DD95988ED}.Release|Any CPU.ActiveCfg = Release|Any CPU
		{12076E94-4DCD-4804-AA8C-242DD95988ED}.Release|Any CPU.Build.0 = Release|Any CPU
		{2DBBBCBE-8386-4855-9388-C4A5F0E7AF43}.Debug|Any CPU.ActiveCfg = Debug|Any CPU
		{2DBBBCBE-8386-4855-9388-C4A5F0E7AF43}.Debug|Any CPU.Build.0 = Debug|Any CPU
		{2DBBBCBE-8386-4855-9388-C4A5F0E7AF43}.Release|Any CPU.ActiveCfg = Release|Any CPU
		{2DBBBCBE-8386-4855-9388-C4A5F0E7AF43}.Release|Any CPU.Build.0 = Release|Any CPU
		{02C4CF69-7E37-43EC-B7B3-21931FAB49A8}.Debug|Any CPU.ActiveCfg = Debug|Any CPU
		{02C4CF69-7E37-43EC-B7B3-21931FAB49A8}.Debug|Any CPU.Build.0 = Debug|Any CPU
		{02C4CF69-7E37-43EC-B7B3-21931FAB49A8}.Release|Any CPU.ActiveCfg = Release|Any CPU
		{02C4CF69-7E37-43EC-B7B3-21931FAB49A8}.Release|Any CPU.Build.0 = Release|Any CPU
		{619E14EB-A7D6-4204-953E-E1371D0DAE4A}.Debug|Any CPU.ActiveCfg = Debug|Any CPU
		{619E14EB-A7D6-4204-953E-E1371D0DAE4A}.Debug|Any CPU.Build.0 = Debug|Any CPU
		{619E14EB-A7D6-4204-953E-E1371D0DAE4A}.Release|Any CPU.ActiveCfg = Release|Any CPU
		{619E14EB-A7D6-4204-953E-E1371D0DAE4A}.Release|Any CPU.Build.0 = Release|Any CPU
		{2A8657D1-14A1-4050-A07C-A949D08E066E}.Debug|Any CPU.ActiveCfg = Debug|Any CPU
		{2A8657D1-14A1-4050-A07C-A949D08E066E}.Debug|Any CPU.Build.0 = Debug|Any CPU
		{2A8657D1-14A1-4050-A07C-A949D08E066E}.Release|Any CPU.ActiveCfg = Release|Any CPU
		{2A8657D1-14A1-4050-A07C-A949D08E066E}.Release|Any CPU.Build.0 = Release|Any CPU
		{8AAB4932-B0D0-4025-BBB0-118B2EE75B5B}.Debug|Any CPU.ActiveCfg = Debug|Any CPU
		{8AAB4932-B0D0-4025-BBB0-118B2EE75B5B}.Debug|Any CPU.Build.0 = Debug|Any CPU
		{8AAB4932-B0D0-4025-BBB0-118B2EE75B5B}.Release|Any CPU.ActiveCfg = Release|Any CPU
		{8AAB4932-B0D0-4025-BBB0-118B2EE75B5B}.Release|Any CPU.Build.0 = Release|Any CPU
		{F703FE7D-56E3-4BC9-AAE7-A509F661FF4F}.Debug|Any CPU.ActiveCfg = Debug|Any CPU
		{F703FE7D-56E3-4BC9-AAE7-A509F661FF4F}.Debug|Any CPU.Build.0 = Debug|Any CPU
		{F703FE7D-56E3-4BC9-AAE7-A509F661FF4F}.Release|Any CPU.ActiveCfg = Release|Any CPU
		{F703FE7D-56E3-4BC9-AAE7-A509F661FF4F}.Release|Any CPU.Build.0 = Release|Any CPU
	EndGlobalSection
	GlobalSection(SolutionProperties) = preSolution
		HideSolutionNode = FALSE
	EndGlobalSection
	GlobalSection(ExtensibilityGlobals) = postSolution
		SolutionGuid = {70EC2340-F667-450D-A152-A5423447A695}
	EndGlobalSection
EndGlobal
